
Microsoft Visual Studio Solution File, Format Version 12.00
Project("{2150E333-8FDC-42A3-9474-1A3956D46DE8}") = "Labs", "Labs", "{7A124446-499A-431A-92FC-AD4BA96184DE}"
EndProject
Project("{FAE04EC0-301F-11D3-BF4B-00C04F79EFBC}") = "Lab2-Animals", "Lab2-Animals\Lab2-Animals.csproj", "{6AFD63BF-1895-4A92-83B9-9A1432271947}"
EndProject
Project("{FAE04EC0-301F-11D3-BF4B-00C04F79EFBC}") = "Lab3-SmartHome", "Lab3-SmartHome\Lab3-SmartHome.csproj", "{2A06F6EC-DC41-40CE-ACF5-F7EC0F823B99}"
EndProject
Project("{FAE04EC0-301F-11D3-BF4B-00C04F79EFBC}") = "LogSaveService", "LogSaveService\LogSaveService.csproj", "{94176761-EE0F-419A-949E-0EEAB1C2C17D}"
EndProject
Project("{FAE04EC0-301F-11D3-BF4B-00C04F79EFBC}") = "Lab4-BookCatalog", "Lab4-BookCatalog\Lab4-BookCatalog.csproj", "{B6710D4E-C942-43FA-A871-E45D13CDE599}"
EndProject
Project("{FAE04EC0-301F-11D3-BF4B-00C04F79EFBC}") = "Lab5-CostAccounting", "Lab5-CostAccounting\Lab5-CostAccounting.csproj", "{D3F34C60-76AA-4C87-B3B7-95258758197C}"
EndProject
Project("{FAE04EC0-301F-11D3-BF4B-00C04F79EFBC}") = "Lab6-InventoryManager", "Lab6-InventoryManager\Lab6-InventoryManager.csproj", "{ED964D84-1B18-4163-BA94-63C78007197B}"
EndProject
Project("{2150E333-8FDC-42A3-9474-1A3956D46DE8}") = "Lab7", "Lab7", "{E012819A-43BE-4126-B403-7E4DE8A136BC}"
EndProject
Project("{FAE04EC0-301F-11D3-BF4B-00C04F79EFBC}") = "TaskManager", "TaskManager\TaskManager.csproj", "{1AA411D9-0DCA-4D8B-A9F9-32ED52BD5779}"
EndProject
Project("{FAE04EC0-301F-11D3-BF4B-00C04F79EFBC}") = "TaskManager.Api", "TaskManager.Api\TaskManager.Api.csproj", "{E6434454-3C84-4259-8E42-66D32B5877EF}"
EndProject
Global
	GlobalSection(SolutionConfigurationPlatforms) = preSolution
		Debug|Any CPU = Debug|Any CPU
		Release|Any CPU = Release|Any CPU
	EndGlobalSection
	GlobalSection(ProjectConfigurationPlatforms) = postSolution
		{6AFD63BF-1895-4A92-83B9-9A1432271947}.Debug|Any CPU.ActiveCfg = Debug|Any CPU
		{6AFD63BF-1895-4A92-83B9-9A1432271947}.Debug|Any CPU.Build.0 = Debug|Any CPU
		{6AFD63BF-1895-4A92-83B9-9A1432271947}.Release|Any CPU.ActiveCfg = Release|Any CPU
		{6AFD63BF-1895-4A92-83B9-9A1432271947}.Release|Any CPU.Build.0 = Release|Any CPU
		{2A06F6EC-DC41-40CE-ACF5-F7EC0F823B99}.Debug|Any CPU.ActiveCfg = Debug|Any CPU
		{2A06F6EC-DC41-40CE-ACF5-F7EC0F823B99}.Debug|Any CPU.Build.0 = Debug|Any CPU
		{2A06F6EC-DC41-40CE-ACF5-F7EC0F823B99}.Release|Any CPU.ActiveCfg = Release|Any CPU
		{2A06F6EC-DC41-40CE-ACF5-F7EC0F823B99}.Release|Any CPU.Build.0 = Release|Any CPU
		{94176761-EE0F-419A-949E-0EEAB1C2C17D}.Debug|Any CPU.ActiveCfg = Debug|Any CPU
		{94176761-EE0F-419A-949E-0EEAB1C2C17D}.Debug|Any CPU.Build.0 = Debug|Any CPU
		{94176761-EE0F-419A-949E-0EEAB1C2C17D}.Release|Any CPU.ActiveCfg = Release|Any CPU
		{94176761-EE0F-419A-949E-0EEAB1C2C17D}.Release|Any CPU.Build.0 = Release|Any CPU
		{B6710D4E-C942-43FA-A871-E45D13CDE599}.Debug|Any CPU.ActiveCfg = Debug|Any CPU
		{B6710D4E-C942-43FA-A871-E45D13CDE599}.Debug|Any CPU.Build.0 = Debug|Any CPU
		{B6710D4E-C942-43FA-A871-E45D13CDE599}.Release|Any CPU.ActiveCfg = Release|Any CPU
		{B6710D4E-C942-43FA-A871-E45D13CDE599}.Release|Any CPU.Build.0 = Release|Any CPU
		{D3F34C60-76AA-4C87-B3B7-95258758197C}.Debug|Any CPU.ActiveCfg = Debug|Any CPU
		{D3F34C60-76AA-4C87-B3B7-95258758197C}.Debug|Any CPU.Build.0 = Debug|Any CPU
		{D3F34C60-76AA-4C87-B3B7-95258758197C}.Release|Any CPU.ActiveCfg = Release|Any CPU
		{D3F34C60-76AA-4C87-B3B7-95258758197C}.Release|Any CPU.Build.0 = Release|Any CPU
		{ED964D84-1B18-4163-BA94-63C78007197B}.Debug|Any CPU.ActiveCfg = Debug|Any CPU
		{ED964D84-1B18-4163-BA94-63C78007197B}.Debug|Any CPU.Build.0 = Debug|Any CPU
		{ED964D84-1B18-4163-BA94-63C78007197B}.Release|Any CPU.ActiveCfg = Release|Any CPU
		{ED964D84-1B18-4163-BA94-63C78007197B}.Release|Any CPU.Build.0 = Release|Any CPU
		{1AA411D9-0DCA-4D8B-A9F9-32ED52BD5779}.Debug|Any CPU.ActiveCfg = Debug|Any CPU
		{1AA411D9-0DCA-4D8B-A9F9-32ED52BD5779}.Debug|Any CPU.Build.0 = Debug|Any CPU
		{1AA411D9-0DCA-4D8B-A9F9-32ED52BD5779}.Release|Any CPU.ActiveCfg = Release|Any CPU
		{1AA411D9-0DCA-4D8B-A9F9-32ED52BD5779}.Release|Any CPU.Build.0 = Release|Any CPU
		{E6434454-3C84-4259-8E42-66D32B5877EF}.Debug|Any CPU.ActiveCfg = Debug|Any CPU
		{E6434454-3C84-4259-8E42-66D32B5877EF}.Debug|Any CPU.Build.0 = Debug|Any CPU
		{E6434454-3C84-4259-8E42-66D32B5877EF}.Release|Any CPU.ActiveCfg = Release|Any CPU
		{E6434454-3C84-4259-8E42-66D32B5877EF}.Release|Any CPU.Build.0 = Release|Any CPU
	EndGlobalSection
	GlobalSection(NestedProjects) = preSolution
		{6AFD63BF-1895-4A92-83B9-9A1432271947} = {7A124446-499A-431A-92FC-AD4BA96184DE}
		{2A06F6EC-DC41-40CE-ACF5-F7EC0F823B99} = {7A124446-499A-431A-92FC-AD4BA96184DE}
		{B6710D4E-C942-43FA-A871-E45D13CDE599} = {7A124446-499A-431A-92FC-AD4BA96184DE}
		{D3F34C60-76AA-4C87-B3B7-95258758197C} = {7A124446-499A-431A-92FC-AD4BA96184DE}
		{ED964D84-1B18-4163-BA94-63C78007197B} = {7A124446-499A-431A-92FC-AD4BA96184DE}
		{E012819A-43BE-4126-B403-7E4DE8A136BC} = {7A124446-499A-431A-92FC-AD4BA96184DE}
		{1AA411D9-0DCA-4D8B-A9F9-32ED52BD5779} = {E012819A-43BE-4126-B403-7E4DE8A136BC}
		{E6434454-3C84-4259-8E42-66D32B5877EF} = {E012819A-43BE-4126-B403-7E4DE8A136BC}
	EndGlobalSection
EndGlobal
